
Microsoft Visual Studio Solution File, Format Version 12.00
# Visual Studio Version 17
VisualStudioVersion = 17.7.34009.444
MinimumVisualStudioVersion = 10.0.40219.1
Project("{FAE04EC0-301F-11D3-BF4B-00C04F79EFBC}") = "OOP_Day_2", "OOP_Day_2.csproj", "{14F441F3-8AD5-48C9-BF06-8601439E2344}"
EndProject
Global
	GlobalSection(SolutionConfigurationPlatforms) = preSolution
		Debug|Any CPU = Debug|Any CPU
		Release|Any CPU = Release|Any CPU
	EndGlobalSection
	GlobalSection(ProjectConfigurationPlatforms) = postSolution
		{14F441F3-8AD5-48C9-BF06-8601439E2344}.Debug|Any CPU.ActiveCfg = Debug|Any CPU
		{14F441F3-8AD5-48C9-BF06-8601439E2344}.Debug|Any CPU.Build.0 = Debug|Any CPU
		{14F441F3-8AD5-48C9-BF06-8601439E2344}.Release|Any CPU.ActiveCfg = Release|Any CPU
		{14F441F3-8AD5-48C9-BF06-8601439E2344}.Release|Any CPU.Build.0 = Release|Any CPU
	EndGlobalSection
	GlobalSection(SolutionProperties) = preSolution
		HideSolutionNode = FALSE
	EndGlobalSection
	GlobalSection(ExtensibilityGlobals) = postSolution
		SolutionGuid = {7E0F5978-15E8-45A8-AE01-D067287DCD07}
	EndGlobalSection
EndGlobal
